
Microsoft Visual Studio Solution File, Format Version 12.00
# Visual Studio Version 17
VisualStudioVersion = 17.14.36401.2 d17.14
MinimumVisualStudioVersion = 10.0.40219.1
Project("{FAE04EC0-301F-11D3-BF4B-00C04F79EFBC}") = "ProductStore.Web", "ProductStore.Web\ProductStore.Web.csproj", "{14E3DF9C-E51B-4D81-B629-9E265A2B1192}"
EndProject
Global
	GlobalSection(SolutionConfigurationPlatforms) = preSolution
		Debug|Any CPU = Debug|Any CPU
		Release|Any CPU = Release|Any CPU
	EndGlobalSection
	GlobalSection(ProjectConfigurationPlatforms) = postSolution
		{14E3DF9C-E51B-4D81-B629-9E265A2B1192}.Debug|Any CPU.ActiveCfg = Debug|Any CPU
		{14E3DF9C-E51B-4D81-B629-9E265A2B1192}.Debug|Any CPU.Build.0 = Debug|Any CPU
		{14E3DF9C-E51B-4D81-B629-9E265A2B1192}.Release|Any CPU.ActiveCfg = Release|Any CPU
		{14E3DF9C-E51B-4D81-B629-9E265A2B1192}.Release|Any CPU.Build.0 = Release|Any CPU
	EndGlobalSection
	GlobalSection(SolutionProperties) = preSolution
		HideSolutionNode = FALSE
	EndGlobalSection
	GlobalSection(ExtensibilityGlobals) = postSolution
		SolutionGuid = {15571839-F7CE-40B3-B13B-77C7B6D6A7AA}
	EndGlobalSection
EndGlobal
